
Microsoft Visual Studio Solution File, Format Version 12.00
# Visual Studio Version 17
VisualStudioVersion = 17.5.002.0
MinimumVisualStudioVersion = 10.0.40219.1
Project("{9A19103F-16F7-4668-BE54-9A1E7A4F7556}") = "demoapp01", "demoapp01.csproj", "{B3DD47E9-85D3-4048-9862-96DC5C69CCA5}"
EndProject
Global
	GlobalSection(SolutionConfigurationPlatforms) = preSolution
		Debug|Any CPU = Debug|Any CPU
		Release|Any CPU = Release|Any CPU
	EndGlobalSection
	GlobalSection(ProjectConfigurationPlatforms) = postSolution
		{B3DD47E9-85D3-4048-9862-96DC5C69CCA5}.Debug|Any CPU.ActiveCfg = Debug|Any CPU
		{B3DD47E9-85D3-4048-9862-96DC5C69CCA5}.Debug|Any CPU.Build.0 = Debug|Any CPU
		{B3DD47E9-85D3-4048-9862-96DC5C69CCA5}.Release|Any CPU.ActiveCfg = Release|Any CPU
		{B3DD47E9-85D3-4048-9862-96DC5C69CCA5}.Release|Any CPU.Build.0 = Release|Any CPU
	EndGlobalSection
	GlobalSection(SolutionProperties) = preSolution
		HideSolutionNode = FALSE
	EndGlobalSection
	GlobalSection(ExtensibilityGlobals) = postSolution
		SolutionGuid = {A79CCFBF-88CC-4656-9BD1-06EA4B89B8AB}
	EndGlobalSection
EndGlobal
